Microsoft Visual Studio Solution File, Format Version 12.00
# Visual Studio Version 17
VisualStudioVersion = 17.5.2.0
MinimumVisualStudioVersion = 10.0.40219.1
Project("{FAE04EC0-301F-11D3-BF4B-00C04F79EFBC}") = "t1", "t1\t1.csproj", "{7097BF57-1C13-F4DB-F0F5-29F8E49212F6}"
EndProject
Project("{FAE04EC0-301F-11D3-BF4B-00C04F79EFBC}") = "t2", "t2\t2.csproj", "{FB7BF20F-E103-360E-B536-55471D63E816}"
EndProject
Global
	GlobalSection(SolutionConfigurationPlatforms) = preSolution
		Debug|Any CPU = Debug|Any CPU
		Release|Any CPU = Release|Any CPU
	EndGlobalSection
	GlobalSection(ProjectConfigurationPlatforms) = postSolution
		{7097BF57-1C13-F4DB-F0F5-29F8E49212F6}.Debug|Any CPU.ActiveCfg = Debug|Any CPU
		{7097BF57-1C13-F4DB-F0F5-29F8E49212F6}.Debug|Any CPU.Build.0 = Debug|Any CPU
		{7097BF57-1C13-F4DB-F0F5-29F8E49212F6}.Release|Any CPU.ActiveCfg = Release|Any CPU
		{7097BF57-1C13-F4DB-F0F5-29F8E49212F6}.Release|Any CPU.Build.0 = Release|Any CPU
		{FB7BF20F-E103-360E-B536-55471D63E816}.Debug|Any CPU.ActiveCfg = Debug|Any CPU
		{FB7BF20F-E103-360E-B536-55471D63E816}.Debug|Any CPU.Build.0 = Debug|Any CPU
		{FB7BF20F-E103-360E-B536-55471D63E816}.Release|Any CPU.ActiveCfg = Release|Any CPU
		{FB7BF20F-E103-360E-B536-55471D63E816}.Release|Any CPU.Build.0 = Release|Any CPU
	EndGlobalSection
	GlobalSection(SolutionProperties) = preSolution
		HideSolutionNode = FALSE
	EndGlobalSection
	GlobalSection(ExtensibilityGlobals) = postSolution
		SolutionGuid = {DB7D9302-F645-4425-A78D-D843E64FB840}
	EndGlobalSection
EndGlobal
